{
  "name": "bwexplorer",
  "version": "1.0.0",
  "lockfileVersion": 1,
  "requires": true,
  "dependencies": {
    "fast-xml-parser": {
      "version": "3.12.5",
      "resolved": "https://registry.npmjs.org/fast-xml-parser/-/fast-xml-parser-3.12.5.tgz",
      "integrity": "sha512-g8TSGUF1a2vdFmQ29vKcYBNnwuJQQuyr6It3cjGsiD3dkUXqVWuXZQvjEkgrrCe5K8D30X125ACyxaj7XaaH8g==",
      "requires": {
        "nimnjs": "^1.3.2"
      }
    },
    "fs-extra": {
      "version": "7.0.0",
      "resolved": "https://registry.npmjs.org/fs-extra/-/fs-extra-7.0.0.tgz",
      "integrity": "sha512-EglNDLRpmaTWiD/qraZn6HREAEAHJcJOmxNEYwq6xeMKnVMAy3GUcFB+wXt2C6k4CNvB/mP1y/U3dzvKKj5OtQ==",
      "requires": {
        "graceful-fs": "^4.1.2",
        "jsonfile": "^4.0.0",
        "universalify": "^0.1.0"
      }
    },
    "graceful-fs": {
      "version": "4.1.11",
      "resolved": "https://registry.npmjs.org/graceful-fs/-/graceful-fs-4.1.11.tgz",
      "integrity": "sha1-Dovf5NHduIVNZOBOp8AOKgJuVlg="
    },
    "jsonfile": {
      "version": "4.0.0",
      "resolved": "https://registry.npmjs.org/jsonfile/-/jsonfile-4.0.0.tgz",
      "integrity": "sha1-h3Gq4HmbZAdrdmQPygWPnBDjPss=",
      "requires": {
        "graceful-fs": "^4.1.6"
      }
    },
    "makeerror": {
      "version": "1.0.11",
      "resolved": "https://registry.npmjs.org/makeerror/-/makeerror-1.0.11.tgz",
      "integrity": "sha1-4BpckQnyr3lmDk6LlYd5AYT1qWw=",
      "requires": {
        "tmpl": "1.0.x"
      }
    },
    "nimn-date-parser": {
      "version": "1.0.0",
      "resolved": "https://registry.npmjs.org/nimn-date-parser/-/nimn-date-parser-1.0.0.tgz",
      "integrity": "sha512-1Nf+x3EeMvHUiHsVuEhiZnwA8RMeOBVTQWfB1S2n9+i6PYCofHd2HRMD+WOHIHYshy4T4Gk8wQoCol7Hq3av8Q=="
    },
    "nimn_schema_builder": {
      "version": "1.1.0",
      "resolved": "https://registry.npmjs.org/nimn_schema_builder/-/nimn_schema_builder-1.1.0.tgz",
      "integrity": "sha512-DK5/B8CM4qwzG2URy130avcwPev4uO0ev836FbQyKo1ms6I9z/i6EJyiZ+d9xtgloxUri0W+5gfR8YbPq7SheA=="
    },
    "nimnjs": {
      "version": "1.3.2",
      "resolved": "https://registry.npmjs.org/nimnjs/-/nimnjs-1.3.2.tgz",
      "integrity": "sha512-TIOtI4iqkQrUM1tiM76AtTQem0c7e56SkDZ7sj1d1MfUsqRcq2ZWQvej/O+HBTZV7u/VKnwlKTDugK/75IRPPw==",
      "requires": {
        "nimn-date-parser": "^1.0.0",
        "nimn_schema_builder": "^1.0.0"
      }
    },
    "tmpl": {
      "version": "1.0.4",
      "resolved": "https://registry.npmjs.org/tmpl/-/tmpl-1.0.4.tgz",
      "integrity": "sha1-I2QN17QtAEM5ERQIIOXPRA5SHdE="
    },
    "universalify": {
      "version": "0.1.2",
      "resolved": "https://registry.npmjs.org/universalify/-/universalify-0.1.2.tgz",
      "integrity": "sha512-rBJeI5CXAlmy1pV+617WB9J63U6XcazHHF2f2dbJix4XzpUF0RS3Zbj0FGIOCAva5P/d/GBOYaACQ1w+0azUkg=="
    },
    "walker": {
      "version": "1.0.7",
      "resolved": "https://registry.npmjs.org/walker/-/walker-1.0.7.tgz",
      "integrity": "sha1-L3+bj9ENZ3JisYqITijRlhjgKPs=",
      "requires": {
        "makeerror": "1.0.x"
      }
    }
  }
}
